
Microsoft Visual Studio Solution File, Format Version 12.00
# Visual Studio Version 17
VisualStudioVersion = 17.5.002.0
MinimumVisualStudioVersion = 10.0.40219.1
Project("{9A19103F-16F7-4668-BE54-9A1E7A4F7556}") = "EditorHtml", "EditorHtml.csproj", "{132C96CD-D635-40B0-9C07-E444F8859081}"
EndProject
Global
	GlobalSection(SolutionConfigurationPlatforms) = preSolution
		Debug|Any CPU = Debug|Any CPU
		Release|Any CPU = Release|Any CPU
	EndGlobalSection
	GlobalSection(ProjectConfigurationPlatforms) = postSolution
		{132C96CD-D635-40B0-9C07-E444F8859081}.Debug|Any CPU.ActiveCfg = Debug|Any CPU
		{132C96CD-D635-40B0-9C07-E444F8859081}.Debug|Any CPU.Build.0 = Debug|Any CPU
		{132C96CD-D635-40B0-9C07-E444F8859081}.Release|Any CPU.ActiveCfg = Release|Any CPU
		{132C96CD-D635-40B0-9C07-E444F8859081}.Release|Any CPU.Build.0 = Release|Any CPU
	EndGlobalSection
	GlobalSection(SolutionProperties) = preSolution
		HideSolutionNode = FALSE
	EndGlobalSection
	GlobalSection(ExtensibilityGlobals) = postSolution
		SolutionGuid = {3961D77E-0943-4350-8FCE-C4A36C83A8B8}
	EndGlobalSection
EndGlobal
